// !$*UTF8*$!
{
	archiveVersion = 1;
	classes = {
	};
	objectVersion = 55;
	objects = {

/* Begin PBXBuildFile section */
		D351992F27282CF4001B2DBA /* xkcdApp.swift in Sources */ = {isa = PBXBuildFile; fileRef = D351992E27282CF4001B2DBA /* xkcdApp.swift */; };
		D351993127282CF4001B2DBA /* ContentView.swift in Sources */ = {isa = PBXBuildFile; fileRef = D351993027282CF4001B2DBA /* ContentView.swift */; };
		D351993327282CF5001B2DBA /* Assets.xcassets in Resources */ = {isa = PBXBuildFile; fileRef = D351993227282CF5001B2DBA /* Assets.xcassets */; };
		D351993627282CF5001B2DBA /* Preview Assets.xcassets in Resources */ = {isa = PBXBuildFile; fileRef = D351993527282CF5001B2DBA /* Preview Assets.xcassets */; };
		D351993827282CF5001B2DBA /* Persistence.swift in Sources */ = {isa = PBXBuildFile; fileRef = D351993727282CF5001B2DBA /* Persistence.swift */; };
		D351993B27282CF5001B2DBA /* xkcd.xcdatamodeld in Sources */ = {isa = PBXBuildFile; fileRef = D351993927282CF5001B2DBA /* xkcd.xcdatamodeld */; };
		D351994527282CF6001B2DBA /* xkcdTests.swift in Sources */ = {isa = PBXBuildFile; fileRef = D351994427282CF6001B2DBA /* xkcdTests.swift */; };
		D351994F27282CF6001B2DBA /* xkcdUITests.swift in Sources */ = {isa = PBXBuildFile; fileRef = D351994E27282CF6001B2DBA /* xkcdUITests.swift */; };
		D351995127282CF6001B2DBA /* xkcdUITestsLaunchTests.swift in Sources */ = {isa = PBXBuildFile; fileRef = D351995027282CF6001B2DBA /* xkcdUITestsLaunchTests.swift */; };
/* End PBXBuildFile section */

/* Begin PBXContainerItemProxy section */
		D351994127282CF6001B2DBA /* PBXContainerItemProxy */ = {
			isa = PBXContainerItemProxy;
			containerPortal = D351992327282CF4001B2DBA /* Project object */;
			proxyType = 1;
			remoteGlobalIDString = D351992A27282CF4001B2DBA;
			remoteInfo = xkcd;
		};
		D351994B27282CF6001B2DBA /* PBXContainerItemProxy */ = {
			isa = PBXContainerItemProxy;
			containerPortal = D351992327282CF4001B2DBA /* Project object */;
			proxyType = 1;
			remoteGlobalIDString = D351992A27282CF4001B2DBA;
			remoteInfo = xkcd;
		};
/* End PBXContainerItemProxy section */

/* Begin PBXFileReference section */
		D351992B27282CF4001B2DBA /* xkcd.app */ = {isa = PBXFileReference; explicitFileType = wrapper.application; includeInIndex = 0; path = xkcd.app; sourceTree = BUILT_PRODUCTS_DIR; };
		D351992E27282CF4001B2DBA /* xkcdApp.swift */ = {isa = PBXFileReference; lastKnownFileType = sourcecode.swift; path = xkcdApp.swift; sourceTree = "<group>"; };
		D351993027282CF4001B2DBA /* ContentView.swift */ = {isa = PBXFileReference; lastKnownFileType = sourcecode.swift; path = ContentView.swift; sourceTree = "<group>"; };
		D351993227282CF5001B2DBA /* Assets.xcassets */ = {isa = PBXFileReference; lastKnownFileType = folder.assetcatalog; path = Assets.xcassets; sourceTree = "<group>"; };
		D351993527282CF5001B2DBA /* Preview Assets.xcassets */ = {isa = PBXFileReference; lastKnownFileType = folder.assetcatalog; path = "Preview Assets.xcassets"; sourceTree = "<group>"; };
		D351993727282CF5001B2DBA /* Persistence.swift */ = {isa = PBXFileReference; lastKnownFileType = sourcecode.swift; path = Persistence.swift; sourceTree = "<group>"; };
		D351993A27282CF5001B2DBA /* xkcd.xcdatamodel */ = {isa = PBXFileReference; lastKnownFileType = wrapper.xcdatamodel; path = xkcd.xcdatamodel; sourceTree = "<group>"; };
		D351994027282CF6001B2DBA /* xkcdTests.xctest */ = {isa = PBXFileReference; explicitFileType = wrapper.cfbundle; includeInIndex = 0; path = xkcdTests.xctest; sourceTree = BUILT_PRODUCTS_DIR; };
		D351994427282CF6001B2DBA /* xkcdTests.swift */ = {isa = PBXFileReference; lastKnownFileType = sourcecode.swift; path = xkcdTests.swift; sourceTree = "<group>"; };
		D351994A27282CF6001B2DBA /* xkcdUITests.xctest */ = {isa = PBXFileReference; explicitFileType = wrapper.cfbundle; includeInIndex = 0; path = xkcdUITests.xctest; sourceTree = BUILT_PRODUCTS_DIR; };
		D351994E27282CF6001B2DBA /* xkcdUITests.swift */ = {isa = PBXFileReference; lastKnownFileType = sourcecode.swift; path = xkcdUITests.swift; sourceTree = "<group>"; };
		D351995027282CF6001B2DBA /* xkcdUITestsLaunchTests.swift */ = {isa = PBXFileReference; lastKnownFileType = sourcecode.swift; path = xkcdUITestsLaunchTests.swift; sourceTree = "<group>"; };
/* End PBXFileReference section */

/* Begin PBXFrameworksBuildPhase section */
		D351992827282CF4001B2DBA /* Frameworks */ = {
			isa = PBXFrameworksBuildPhase;
			buildActionMask = 2147483647;
			files = (
			);
			runOnlyForDeploymentPostprocessing = 0;
		};
		D351993D27282CF6001B2DBA /* Frameworks */ = {
			isa = PBXFrameworksBuildPhase;
			buildActionMask = 2147483647;
			files = (
			);
			runOnlyForDeploymentPostprocessing = 0;
		};
		D351994727282CF6001B2DBA /* Frameworks */ = {
			isa = PBXFrameworksBuildPhase;
			buildActionMask = 2147483647;
			files = (
			);
			runOnlyForDeploymentPostprocessing = 0;
		};
/* End PBXFrameworksBuildPhase section */

/* Begin PBXGroup section */
		D351992227282CF4001B2DBA = {
			isa = PBXGroup;
			children = (
				D351992D27282CF4001B2DBA /* xkcd */,
				D351994327282CF6001B2DBA /* xkcdTests */,
				D351994D27282CF6001B2DBA /* xkcdUITests */,
				D351992C27282CF4001B2DBA /* Products */,
			);
			sourceTree = "<group>";
		};
		D351992C27282CF4001B2DBA /* Products */ = {
			isa = PBXGroup;
			children = (
				D351992B27282CF4001B2DBA /* xkcd.app */,
				D351994027282CF6001B2DBA /* xkcdTests.xctest */,
				D351994A27282CF6001B2DBA /* xkcdUITests.xctest */,
			);
			name = Products;
			sourceTree = "<group>";
		};
		D351992D27282CF4001B2DBA /* xkcd */ = {
			isa = PBXGroup;
			children = (
				D351992E27282CF4001B2DBA /* xkcdApp.swift */,
				D351993027282CF4001B2DBA /* ContentView.swift */,
				D351993227282CF5001B2DBA /* Assets.xcassets */,
				D351993727282CF5001B2DBA /* Persistence.swift */,
				D351993927282CF5001B2DBA /* xkcd.xcdatamodeld */,
				D351993427282CF5001B2DBA /* Preview Content */,
			);
			path = xkcd;
			sourceTree = "<group>";
		};
		D351993427282CF5001B2DBA /* Preview Content */ = {
			isa = PBXGroup;
			children = (
				D351993527282CF5001B2DBA /* Preview Assets.xcassets */,
			);
			path = "Preview Content";
			sourceTree = "<group>";
		};
		D351994327282CF6001B2DBA /* xkcdTests */ = {
			isa = PBXGroup;
			children = (
				D351994427282CF6001B2DBA /* xkcdTests.swift */,
			);
			path = xkcdTests;
			sourceTree = "<group>";
		};
		D351994D27282CF6001B2DBA /* xkcdUITests */ = {
			isa = PBXGroup;
			children = (
				D351994E27282CF6001B2DBA /* xkcdUITests.swift */,
				D351995027282CF6001B2DBA /* xkcdUITestsLaunchTests.swift */,
			);
			path = xkcdUITests;
			sourceTree = "<group>";
		};
/* End PBXGroup section */

/* Begin PBXNativeTarget section */
		D351992A27282CF4001B2DBA /* xkcd */ = {
			isa = PBXNativeTarget;
			buildConfigurationList = D351995427282CF6001B2DBA /* Build configuration list for PBXNativeTarget "xkcd" */;
			buildPhases = (
				D351992727282CF4001B2DBA /* Sources */,
				D351992827282CF4001B2DBA /* Frameworks */,
				D351992927282CF4001B2DBA /* Resources */,
			);
			buildRules = (
			);
			dependencies = (
			);
			name = xkcd;
			productName = xkcd;
			productReference = D351992B27282CF4001B2DBA /* xkcd.app */;
			productType = "com.apple.product-type.application";
		};
		D351993F27282CF6001B2DBA /* xkcdTests */ = {
			isa = PBXNativeTarget;
			buildConfigurationList = D351995727282CF6001B2DBA /* Build configuration list for PBXNativeTarget "xkcdTests" */;
			buildPhases = (
				D351993C27282CF6001B2DBA /* Sources */,
				D351993D27282CF6001B2DBA /* Frameworks */,
				D351993E27282CF6001B2DBA /* Resources */,
			);
			buildRules = (
			);
			dependencies = (
				D351994227282CF6001B2DBA /* PBXTargetDependency */,
			);
			name = xkcdTests;
			productName = xkcdTests;
			productReference = D351994027282CF6001B2DBA /* xkcdTests.xctest */;
			productType = "com.apple.product-type.bundle.unit-test";
		};
		D351994927282CF6001B2DBA /* xkcdUITests */ = {
			isa = PBXNativeTarget;
			buildConfigurationList = D351995A27282CF6001B2DBA /* Build configuration list for PBXNativeTarget "xkcdUITests" */;
			buildPhases = (
				D351994627282CF6001B2DBA /* Sources */,
				D351994727282CF6001B2DBA /* Frameworks */,
				D351994827282CF6001B2DBA /* Resources */,
			);
			buildRules = (
			);
			dependencies = (
				D351994C27282CF6001B2DBA /* PBXTargetDependency */,
			);
			name = xkcdUITests;
			productName = xkcdUITests;
			productReference = D351994A27282CF6001B2DBA /* xkcdUITests.xctest */;
			productType = "com.apple.product-type.bundle.ui-testing";
		};
/* End PBXNativeTarget section */

/* Begin PBXProject section */
		D351992327282CF4001B2DBA /* Project object */ = {
			isa = PBXProject;
			attributes = {
				BuildIndependentTargetsInParallel = 1;
				LastSwiftUpdateCheck = 1300;
				LastUpgradeCheck = 1300;
				TargetAttributes = {
					D351992A27282CF4001B2DBA = {
						CreatedOnToolsVersion = 13.0;
					};
					D351993F27282CF6001B2DBA = {
						CreatedOnToolsVersion = 13.0;
						TestTargetID = D351992A27282CF4001B2DBA;
					};
					D351994927282CF6001B2DBA = {
						CreatedOnToolsVersion = 13.0;
						TestTargetID = D351992A27282CF4001B2DBA;
					};
				};
			};
			buildConfigurationList = D351992627282CF4001B2DBA /* Build configuration list for PBXProject "xkcd" */;
			compatibilityVersion = "Xcode 13.0";
			developmentRegion = en;
			hasScannedForEncodings = 0;
			knownRegions = (
				en,
				Base,
			);
			mainGroup = D351992227282CF4001B2DBA;
			productRefGroup = D351992C27282CF4001B2DBA /* Products */;
			projectDirPath = "";
			projectRoot = "";
			targets = (
				D351992A27282CF4001B2DBA /* xkcd */,
				D351993F27282CF6001B2DBA /* xkcdTests */,
				D351994927282CF6001B2DBA /* xkcdUITests */,
			);
		};
/* End PBXProject section */

/* Begin PBXResourcesBuildPhase section */
		D351992927282CF4001B2DBA /* Resources */ = {
			isa = PBXResourcesBuildPhase;
			buildActionMask = 2147483647;
			files = (
				D351993627282CF5001B2DBA /* Preview Assets.xcassets in Resources */,
				D351993327282CF5001B2DBA /* Assets.xcassets in Resources */,
			);
			runOnlyForDeploymentPostprocessing = 0;
		};
		D351993E27282CF6001B2DBA /* Resources */ = {
			isa = PBXResourcesBuildPhase;
			buildActionMask = 2147483647;
			files = (
			);
			runOnlyForDeploymentPostprocessing = 0;
		};
		D351994827282CF6001B2DBA /* Resources */ = {
			isa = PBXResourcesBuildPhase;
			buildActionMask = 2147483647;
			files = (
			);
			runOnlyForDeploymentPostprocessing = 0;
		};
/* End PBXResourcesBuildPhase section */

/* Begin PBXSourcesBuildPhase section */
		D351992727282CF4001B2DBA /* Sources */ = {
			isa = PBXSourcesBuildPhase;
			buildActionMask = 2147483647;
			files = (
				D351993827282CF5001B2DBA /* Persistence.swift in Sources */,
				D351993127282CF4001B2DBA /* ContentView.swift in Sources */,
				D351992F27282CF4001B2DBA /* xkcdApp.swift in Sources */,
				D351993B27282CF5001B2DBA /* xkcd.xcdatamodeld in Sources */,
			);
			runOnlyForDeploymentPostprocessing = 0;
		};
		D351993C27282CF6001B2DBA /* Sources */ = {
			isa = PBXSourcesBuildPhase;
			buildActionMask = 2147483647;
			files = (
				D351994527282CF6001B2DBA /* xkcdTests.swift in Sources */,
			);
			runOnlyForDeploymentPostprocessing = 0;
		};
		D351994627282CF6001B2DBA /* Sources */ = {
			isa = PBXSourcesBuildPhase;
			buildActionMask = 2147483647;
			files = (
				D351995127282CF6001B2DBA /* xkcdUITestsLaunchTests.swift in Sources */,
				D351994F27282CF6001B2DBA /* xkcdUITests.swift in Sources */,
			);
			runOnlyForDeploymentPostprocessing = 0;
		};
/* End PBXSourcesBuildPhase section */

/* Begin PBXTargetDependency section */
		D351994227282CF6001B2DBA /* PBXTargetDependency */ = {
			isa = PBXTargetDependency;
			target = D351992A27282CF4001B2DBA /* xkcd */;
			targetProxy = D351994127282CF6001B2DBA /* PBXContainerItemProxy */;
		};
		D351994C27282CF6001B2DBA /* PBXTargetDependency */ = {
			isa = PBXTargetDependency;
			target = D351992A27282CF4001B2DBA /* xkcd */;
			targetProxy = D351994B27282CF6001B2DBA /* PBXContainerItemProxy */;
		};
/* End PBXTargetDependency section */

/* Begin XCBuildConfiguration section */
		D351995227282CF6001B2DBA /* Debug */ = {
			isa = XCBuildConfiguration;
			buildSettings = {
				ALWAYS_SEARCH_USER_PATHS = NO;
				CLANG_ANALYZER_NONNULL = YES;
				CLANG_ANALYZER_NUMBER_OBJECT_CONVERSION = YES_AGGRESSIVE;
				CLANG_CXX_LANGUAGE_STANDARD = "gnu++17";
				CLANG_CXX_LIBRARY = "libc++";
				CLANG_ENABLE_MODULES = YES;
				CLANG_ENABLE_OBJC_ARC = YES;
				CLANG_ENABLE_OBJC_WEAK = YES;
				CLANG_WARN_BLOCK_CAPTURE_AUTORELEASING = YES;
				CLANG_WARN_BOOL_CONVERSION = YES;
				CLANG_WARN_COMMA = YES;
				CLANG_WARN_CONSTANT_CONVERSION = YES;
				CLANG_WARN_DEPRECATED_OBJC_IMPLEMENTATIONS = YES;
				CLANG_WARN_DIRECT_OBJC_ISA_USAGE = YES_ERROR;
				CLANG_WARN_DOCUMENTATION_COMMENTS = YES;
				CLANG_WARN_EMPTY_BODY = YES;
				CLANG_WARN_ENUM_CONVERSION = YES;
				CLANG_WARN_INFINITE_RECURSION = YES;
				CLANG_WARN_INT_CONVERSION = YES;
				CLANG_WARN_NON_LITERAL_NULL_CONVERSION = YES;
				CLANG_WARN_OBJC_IMPLICIT_RETAIN_SELF = YES;
				CLANG_WARN_OBJC_LITERAL_CONVERSION = YES;
				CLANG_WARN_OBJC_ROOT_CLASS = YES_ERROR;
				CLANG_WARN_QUOTED_INCLUDE_IN_FRAMEWORK_HEADER = YES;
				CLANG_WARN_RANGE_LOOP_ANALYSIS = YES;
				CLANG_WARN_STRICT_PROTOTYPES = YES;
				CLANG_WARN_SUSPICIOUS_MOVE = YES;
				CLANG_WARN_UNGUARDED_AVAILABILITY = YES_AGGRESSIVE;
				CLANG_WARN_UNREACHABLE_CODE = YES;
				CLANG_WARN__DUPLICATE_METHOD_MATCH = YES;
				COPY_PHASE_STRIP = NO;
				DEBUG_INFORMATION_FORMAT = dwarf;
				ENABLE_STRICT_OBJC_MSGSEND = YES;
				ENABLE_TESTABILITY = YES;
				GCC_C_LANGUAGE_STANDARD = gnu11;
				GCC_DYNAMIC_NO_PIC = NO;
				GCC_NO_COMMON_BLOCKS = YES;
				GCC_OPTIMIZATION_LEVEL = 0;
				GCC_PREPROCESSOR_DEFINITIONS = (
					"DEBUG=1",
					"$(inherited)",
				);
				GCC_WARN_64_TO_32_BIT_CONVERSION = YES;
				GCC_WARN_ABOUT_RETURN_TYPE = YES_ERROR;
				GCC_WARN_UNDECLARED_SELECTOR = YES;
				GCC_WARN_UNINITIALIZED_AUTOS = YES_AGGRESSIVE;
				GCC_WARN_UNUSED_FUNCTION = YES;
				GCC_WARN_UNUSED_VARIABLE = YES;
				IPHONEOS_DEPLOYMENT_TARGET = 15.0;
				MTL_ENABLE_DEBUG_INFO = INCLUDE_SOURCE;
				MTL_FAST_MATH = YES;
				ONLY_ACTIVE_ARCH = YES;
				SDKROOT = iphoneos;
				SWIFT_ACTIVE_COMPILATION_CONDITIONS = DEBUG;
				SWIFT_OPTIMIZATION_LEVEL = "-Onone";
			};
			name = Debug;
		};
		D351995327282CF6001B2DBA /* Release */ = {
			isa = XCBuildConfiguration;
			buildSettings = {
				ALWAYS_SEARCH_USER_PATHS = NO;
				CLANG_ANALYZER_NONNULL = YES;
				CLANG_ANALYZER_NUMBER_OBJECT_CONVERSION = YES_AGGRESSIVE;
				CLANG_CXX_LANGUAGE_STANDARD = "gnu++17";
				CLANG_CXX_LIBRARY = "libc++";
				CLANG_ENABLE_MODULES = YES;
				CLANG_ENABLE_OBJC_ARC = YES;
				CLANG_ENABLE_OBJC_WEAK = YES;
				CLANG_WARN_BLOCK_CAPTURE_AUTORELEASING = YES;
				CLANG_WARN_BOOL_CONVERSION = YES;
				CLANG_WARN_COMMA = YES;
				CLANG_WARN_CONSTANT_CONVERSION = YES;
				CLANG_WARN_DEPRECATED_OBJC_IMPLEMENTATIONS = YES;
				CLANG_WARN_DIRECT_OBJC_ISA_USAGE = YES_ERROR;
				CLANG_WARN_DOCUMENTATION_COMMENTS = YES;
				CLANG_WARN_EMPTY_BODY = YES;
				CLANG_WARN_ENUM_CONVERSION = YES;
				CLANG_WARN_INFINITE_RECURSION = YES;
				CLANG_WARN_INT_CONVERSION = YES;
				CLANG_WARN_NON_LITERAL_NULL_CONVERSION = YES;
				CLANG_WARN_OBJC_IMPLICIT_RETAIN_SELF = YES;
				CLANG_WARN_OBJC_LITERAL_CONVERSION = YES;
				CLANG_WARN_OBJC_ROOT_CLASS = YES_ERROR;
				CLANG_WARN_QUOTED_INCLUDE_IN_FRAMEWORK_HEADER = YES;
				CLANG_WARN_RANGE_LOOP_ANALYSIS = YES;
				CLANG_WARN_STRICT_PROTOTYPES = YES;
				CLANG_WARN_SUSPICIOUS_MOVE = YES;
				CLANG_WARN_UNGUARDED_AVAILABILITY = YES_AGGRESSIVE;
				CLANG_WARN_UNREACHABLE_CODE = YES;
				CLANG_WARN__DUPLICATE_METHOD_MATCH = YES;
				COPY_PHASE_STRIP = NO;
				DEBUG_INFORMATION_FORMAT = "dwarf-with-dsym";
				ENABLE_NS_ASSERTIONS = NO;
				ENABLE_STRICT_OBJC_MSGSEND = YES;
				GCC_C_LANGUAGE_STANDARD = gnu11;
				GCC_NO_COMMON_BLOCKS = YES;
				GCC_WARN_64_TO_32_BIT_CONVERSION = YES;
				GCC_WARN_ABOUT_RETURN_TYPE = YES_ERROR;
				GCC_WARN_UNDECLARED_SELECTOR = YES;
				GCC_WARN_UNINITIALIZED_AUTOS = YES_AGGRESSIVE;
				GCC_WARN_UNUSED_FUNCTION = YES;
				GCC_WARN_UNUSED_VARIABLE = YES;
				IPHONEOS_DEPLOYMENT_TARGET = 15.0;
				MTL_ENABLE_DEBUG_INFO = NO;
				MTL_FAST_MATH = YES;
				SDKROOT = iphoneos;
				SWIFT_COMPILATION_MODE = wholemodule;
				SWIFT_OPTIMIZATION_LEVEL = "-O";
				VALIDATE_PRODUCT = YES;
			};
			name = Release;
		};
		D351995527282CF6001B2DBA /* Debug */ = {
			isa = XCBuildConfiguration;
			buildSettings = {
				ASSETCATALOG_COMPILER_APPICON_NAME = AppIcon;
				ASSETCATALOG_COMPILER_GLOBAL_ACCENT_COLOR_NAME = AccentColor;
				CODE_SIGN_STYLE = Automatic;
				CURRENT_PROJECT_VERSION = 1;
				DEVELOPMENT_ASSET_PATHS = "\"xkcd/Preview Content\"";
				ENABLE_PREVIEWS = YES;
				GENERATE_INFOPLIST_FILE = YES;
				INFOPLIST_KEY_UIApplicationSceneManifest_Generation = YES;
				INFOPLIST_KEY_UIApplicationSupportsIndirectInputEvents = YES;
				INFOPLIST_KEY_UILaunchScreen_Generation = YES;
				INFOPLIST_KEY_UISupportedInterfaceOrientations_iPad = "UIInterfaceOrientationPortrait UIInterfaceOrientationPortraitUpsideDown UIInterfaceOrientationLandscapeLeft UIInterfaceOrientationLandscapeRight";
				INFOPLIST_KEY_UISupportedInterfaceOrientations_iPhone = "UIInterfaceOrientationPortrait UIInterfaceOrientationLandscapeLeft UIInterfaceOrientationLandscapeRight";
				IPHONEOS_DEPLOYMENT_TARGET = 14.0;
				LD_RUNPATH_SEARCH_PATHS = (
					"$(inherited)",
					"@executable_path/Frameworks",
				);
				MARKETING_VERSION = 1.0;
				PRODUCT_BUNDLE_IDENTIFIER = com.xkcd;
				PRODUCT_NAME = "$(TARGET_NAME)";
				SWIFT_EMIT_LOC_STRINGS = YES;
				SWIFT_VERSION = 5.0;
				TARGETED_DEVICE_FAMILY = "1,2";
			};
			name = Debug;
		};
		D351995627282CF6001B2DBA /* Release */ = {
			isa = XCBuildConfiguration;
			buildSettings = {
				ASSETCATALOG_COMPILER_APPICON_NAME = AppIcon;
				ASSETCATALOG_COMPILER_GLOBAL_ACCENT_COLOR_NAME = AccentColor;
				CODE_SIGN_STYLE = Automatic;
				CURRENT_PROJECT_VERSION = 1;
				DEVELOPMENT_ASSET_PATHS = "\"xkcd/Preview Content\"";
				ENABLE_PREVIEWS = YES;
				GENERATE_INFOPLIST_FILE = YES;
				INFOPLIST_KEY_UIApplicationSceneManifest_Generation = YES;
				INFOPLIST_KEY_UIApplicationSupportsIndirectInputEvents = YES;
				INFOPLIST_KEY_UILaunchScreen_Generation = YES;
				INFOPLIST_KEY_UISupportedInterfaceOrientations_iPad = "UIInterfaceOrientationPortrait UIInterfaceOrientationPortraitUpsideDown UIInterfaceOrientationLandscapeLeft UIInterfaceOrientationLandscapeRight";
				INFOPLIST_KEY_UISupportedInterfaceOrientations_iPhone = "UIInterfaceOrientationPortrait UIInterfaceOrientationLandscapeLeft UIInterfaceOrientationLandscapeRight";
				IPHONEOS_DEPLOYMENT_TARGET = 14.0;
				LD_RUNPATH_SEARCH_PATHS = (
					"$(inherited)",
					"@executable_path/Frameworks",
				);
				MARKETING_VERSION = 1.0;
				PRODUCT_BUNDLE_IDENTIFIER = com.xkcd;
				PRODUCT_NAME = "$(TARGET_NAME)";
				SWIFT_EMIT_LOC_STRINGS = YES;
				SWIFT_VERSION = 5.0;
				TARGETED_DEVICE_FAMILY = "1,2";
			};
			name = Release;
		};
		D351995827282CF6001B2DBA /* Debug */ = {
			isa = XCBuildConfiguration;
			buildSettings = {
				ALWAYS_EMBED_SWIFT_STANDARD_LIBRARIES = YES;
				BUNDLE_LOADER = "$(TEST_HOST)";
				CODE_SIGN_STYLE = Automatic;
				CURRENT_PROJECT_VERSION = 1;
				GENERATE_INFOPLIST_FILE = YES;
				IPHONEOS_DEPLOYMENT_TARGET = 14.0;
				LD_RUNPATH_SEARCH_PATHS = (
					"$(inherited)",
					"@executable_path/Frameworks",
					"@loader_path/Frameworks",
				);
				MARKETING_VERSION = 1.0;
				PRODUCT_BUNDLE_IDENTIFIER = com.xkcdTests;
				PRODUCT_NAME = "$(TARGET_NAME)";
				SWIFT_EMIT_LOC_STRINGS = NO;
				SWIFT_VERSION = 5.0;
				TARGETED_DEVICE_FAMILY = "1,2";
				TEST_HOST = "$(BUILT_PRODUCTS_DIR)/xkcd.app/xkcd";
			};
			name = Debug;
		};
		D351995927282CF6001B2DBA /* Release */ = {
			isa = XCBuildConfiguration;
			buildSettings = {
				ALWAYS_EMBED_SWIFT_STANDARD_LIBRARIES = YES;
				BUNDLE_LOADER = "$(TEST_HOST)";
				CODE_SIGN_STYLE = Automatic;
				CURRENT_PROJECT_VERSION = 1;
				GENERATE_INFOPLIST_FILE = YES;
				IPHONEOS_DEPLOYMENT_TARGET = 14.0;
				LD_RUNPATH_SEARCH_PATHS = (
					"$(inherited)",
					"@executable_path/Frameworks",
					"@loader_path/Frameworks",
				);
				MARKETING_VERSION = 1.0;
				PRODUCT_BUNDLE_IDENTIFIER = com.xkcdTests;
				PRODUCT_NAME = "$(TARGET_NAME)";
				SWIFT_EMIT_LOC_STRINGS = NO;
				SWIFT_VERSION = 5.0;
				TARGETED_DEVICE_FAMILY = "1,2";
				TEST_HOST = "$(BUILT_PRODUCTS_DIR)/xkcd.app/xkcd";
			};
			name = Release;
		};
		D351995B27282CF6001B2DBA /* Debug */ = {
			isa = XCBuildConfiguration;
			buildSettings = {
				ALWAYS_EMBED_SWIFT_STANDARD_LIBRARIES = YES;
				CODE_SIGN_STYLE = Automatic;
				CURRENT_PROJECT_VERSION = 1;
				GENERATE_INFOPLIST_FILE = YES;
				LD_RUNPATH_SEARCH_PATHS = (
					"$(inherited)",
					"@executable_path/Frameworks",
					"@loader_path/Frameworks",
				);
				MARKETING_VERSION = 1.0;
				PRODUCT_BUNDLE_IDENTIFIER = com.xkcdUITests;
				PRODUCT_NAME = "$(TARGET_NAME)";
				SWIFT_EMIT_LOC_STRINGS = NO;
				SWIFT_VERSION = 5.0;
				TARGETED_DEVICE_FAMILY = "1,2";
				TEST_TARGET_NAME = xkcd;
			};
			name = Debug;
		};
		D351995C27282CF6001B2DBA /* Release */ = {
			isa = XCBuildConfiguration;
			buildSettings = {
				ALWAYS_EMBED_SWIFT_STANDARD_LIBRARIES = YES;
				CODE_SIGN_STYLE = Automatic;
				CURRENT_PROJECT_VERSION = 1;
				GENERATE_INFOPLIST_FILE = YES;
				LD_RUNPATH_SEARCH_PATHS = (
					"$(inherited)",
					"@executable_path/Frameworks",
					"@loader_path/Frameworks",
				);
				MARKETING_VERSION = 1.0;
				PRODUCT_BUNDLE_IDENTIFIER = com.xkcdUITests;
				PRODUCT_NAME = "$(TARGET_NAME)";
				SWIFT_EMIT_LOC_STRINGS = NO;
				SWIFT_VERSION = 5.0;
				TARGETED_DEVICE_FAMILY = "1,2";
				TEST_TARGET_NAME = xkcd;
			};
			name = Release;
		};
/* End XCBuildConfiguration section */

/* Begin XCConfigurationList section */
		D351992627282CF4001B2DBA /* Build configuration list for PBXProject "xkcd" */ = {
			isa = XCConfigurationList;
			buildConfigurations = (
				D351995227282CF6001B2DBA /* Debug */,
				D351995327282CF6001B2DBA /* Release */,
			);
			defaultConfigurationIsVisible = 0;
			defaultConfigurationName = Release;
		};
		D351995427282CF6001B2DBA /* Build configuration list for PBXNativeTarget "xkcd" */ = {
			isa = XCConfigurationList;
			buildConfigurations = (
				D351995527282CF6001B2DBA /* Debug */,
				D351995627282CF6001B2DBA /* Release */,
			);
			defaultConfigurationIsVisible = 0;
			defaultConfigurationName = Release;
		};
		D351995727282CF6001B2DBA /* Build configuration list for PBXNativeTarget "xkcdTests" */ = {
			isa = XCConfigurationList;
			buildConfigurations = (
				D351995827282CF6001B2DBA /* Debug */,
				D351995927282CF6001B2DBA /* Release */,
			);
			defaultConfigurationIsVisible = 0;
			defaultConfigurationName = Release;
		};
		D351995A27282CF6001B2DBA /* Build configuration list for PBXNativeTarget "xkcdUITests" */ = {
			isa = XCConfigurationList;
			buildConfigurations = (
				D351995B27282CF6001B2DBA /* Debug */,
				D351995C27282CF6001B2DBA /* Release */,
			);
			defaultConfigurationIsVisible = 0;
			defaultConfigurationName = Release;
		};
/* End XCConfigurationList section */

/* Begin XCVersionGroup section */
		D351993927282CF5001B2DBA /* xkcd.xcdatamodeld */ = {
			isa = XCVersionGroup;
			children = (
				D351993A27282CF5001B2DBA /* xkcd.xcdatamodel */,
			);
			currentVersion = D351993A27282CF5001B2DBA /* xkcd.xcdatamodel */;
			path = xkcd.xcdatamodeld;
			sourceTree = "<group>";
			versionGroupType = wrapper.xcdatamodel;
		};
/* End XCVersionGroup section */
	};
	rootObject = D351992327282CF4001B2DBA /* Project object */;
}
