// !$*UTF8*$!
{
	archiveVersion = 1;
	classes = {
	};
	objectVersion = 55;
	objects = {

/* Begin PBXBuildFile section */
		D31EFFC5272AF0F100CA3C4A /* FavoritesDetailView.swift in Sources */ = {isa = PBXBuildFile; fileRef = D31EFFC4272AF0F100CA3C4A /* FavoritesDetailView.swift */; };
		D31EFFC7272AF1B100CA3C4A /* FavoriteCell.swift in Sources */ = {isa = PBXBuildFile; fileRef = D31EFFC6272AF1B100CA3C4A /* FavoriteCell.swift */; };
		D31EFFC9272B068600CA3C4A /* String+Ext.swift in Sources */ = {isa = PBXBuildFile; fileRef = D31EFFC8272B068600CA3C4A /* String+Ext.swift */; };
		D351992F27282CF4001B2DBA /* xkcdApp.swift in Sources */ = {isa = PBXBuildFile; fileRef = D351992E27282CF4001B2DBA /* xkcdApp.swift */; };
		D351993327282CF5001B2DBA /* Assets.xcassets in Resources */ = {isa = PBXBuildFile; fileRef = D351993227282CF5001B2DBA /* Assets.xcassets */; };
		D351993627282CF5001B2DBA /* Preview Assets.xcassets in Resources */ = {isa = PBXBuildFile; fileRef = D351993527282CF5001B2DBA /* Preview Assets.xcassets */; };
		D351993827282CF5001B2DBA /* Persistence.swift in Sources */ = {isa = PBXBuildFile; fileRef = D351993727282CF5001B2DBA /* Persistence.swift */; };
		D351993B27282CF5001B2DBA /* Favorite.xcdatamodeld in Sources */ = {isa = PBXBuildFile; fileRef = D351993927282CF5001B2DBA /* Favorite.xcdatamodeld */; };
		D351994527282CF6001B2DBA /* xkcdTests.swift in Sources */ = {isa = PBXBuildFile; fileRef = D351994427282CF6001B2DBA /* xkcdTests.swift */; };
		D351994F27282CF6001B2DBA /* xkcdUITests.swift in Sources */ = {isa = PBXBuildFile; fileRef = D351994E27282CF6001B2DBA /* xkcdUITests.swift */; };
		D351995127282CF6001B2DBA /* xkcdUITestsLaunchTests.swift in Sources */ = {isa = PBXBuildFile; fileRef = D351995027282CF6001B2DBA /* xkcdUITestsLaunchTests.swift */; };
		D351995E27282D84001B2DBA /* AppTabView.swift in Sources */ = {isa = PBXBuildFile; fileRef = D351995D27282D84001B2DBA /* AppTabView.swift */; };
		D351996027282EBF001B2DBA /* HomeView.swift in Sources */ = {isa = PBXBuildFile; fileRef = D351995F27282EBF001B2DBA /* HomeView.swift */; };
		D351996227282EC5001B2DBA /* SearchView.swift in Sources */ = {isa = PBXBuildFile; fileRef = D351996127282EC5001B2DBA /* SearchView.swift */; };
		D351996427282FA8001B2DBA /* FavoritesView.swift in Sources */ = {isa = PBXBuildFile; fileRef = D351996327282FA8001B2DBA /* FavoritesView.swift */; };
		D35199662728301B001B2DBA /* Constants.swift in Sources */ = {isa = PBXBuildFile; fileRef = D35199652728301B001B2DBA /* Constants.swift */; };
		D351996827283667001B2DBA /* Color+Ext.swift in Sources */ = {isa = PBXBuildFile; fileRef = D351996727283667001B2DBA /* Color+Ext.swift */; };
		D351996A272840F0001B2DBA /* ComicCardView.swift in Sources */ = {isa = PBXBuildFile; fileRef = D3519969272840F0001B2DBA /* ComicCardView.swift */; };
		D3519971272845D6001B2DBA /* xkcd.otf in Resources */ = {isa = PBXBuildFile; fileRef = D3519970272845D6001B2DBA /* xkcd.otf */; };
		D35199742728566B001B2DBA /* NetworkManager.swift in Sources */ = {isa = PBXBuildFile; fileRef = D35199732728566B001B2DBA /* NetworkManager.swift */; };
		D3519976272858D7001B2DBA /* ComicsModel.swift in Sources */ = {isa = PBXBuildFile; fileRef = D3519975272858D7001B2DBA /* ComicsModel.swift */; };
		D35199782728595F001B2DBA /* XCError.swift in Sources */ = {isa = PBXBuildFile; fileRef = D35199772728595F001B2DBA /* XCError.swift */; };
		D3781109272894E7002EB1FE /* ImageHandler.swift in Sources */ = {isa = PBXBuildFile; fileRef = D3781108272894E7002EB1FE /* ImageHandler.swift */; };
		D378110D2728A27A002EB1FE /* HomeViewModel.swift in Sources */ = {isa = PBXBuildFile; fileRef = D378110C2728A27A002EB1FE /* HomeViewModel.swift */; };
		D3A721FC27291A4800ED26C7 /* UINavigationBar+Ext.swift in Sources */ = {isa = PBXBuildFile; fileRef = D3A721FB27291A4800ED26C7 /* UINavigationBar+Ext.swift */; };
		D3A721FE2729251200ED26C7 /* HapticGenerator.swift in Sources */ = {isa = PBXBuildFile; fileRef = D3A721FD2729251200ED26C7 /* HapticGenerator.swift */; };
		D3A7220027296CC100ED26C7 /* SafariView.swift in Sources */ = {isa = PBXBuildFile; fileRef = D3A721FF27296CC100ED26C7 /* SafariView.swift */; };
		D3A722022729779C00ED26C7 /* ShareSheet.swift in Sources */ = {isa = PBXBuildFile; fileRef = D3A722012729779C00ED26C7 /* ShareSheet.swift */; };
		D3A722062729955800ED26C7 /* SearchViewModel.swift in Sources */ = {isa = PBXBuildFile; fileRef = D3A722052729955800ED26C7 /* SearchViewModel.swift */; };
		D3A7220A2729A73E00ED26C7 /* SearchCell.swift in Sources */ = {isa = PBXBuildFile; fileRef = D3A722092729A73E00ED26C7 /* SearchCell.swift */; };
		D3A7220E2729AF8E00ED26C7 /* ComicDetailView.swift in Sources */ = {isa = PBXBuildFile; fileRef = D3A7220D2729AF8E00ED26C7 /* ComicDetailView.swift */; };
/* End PBXBuildFile section */

/* Begin PBXContainerItemProxy section */
		D351994127282CF6001B2DBA /* PBXContainerItemProxy */ = {
			isa = PBXContainerItemProxy;
			containerPortal = D351992327282CF4001B2DBA /* Project object */;
			proxyType = 1;
			remoteGlobalIDString = D351992A27282CF4001B2DBA;
			remoteInfo = xkcd;
		};
		D351994B27282CF6001B2DBA /* PBXContainerItemProxy */ = {
			isa = PBXContainerItemProxy;
			containerPortal = D351992327282CF4001B2DBA /* Project object */;
			proxyType = 1;
			remoteGlobalIDString = D351992A27282CF4001B2DBA;
			remoteInfo = xkcd;
		};
/* End PBXContainerItemProxy section */

/* Begin PBXFileReference section */
		D31EFFC4272AF0F100CA3C4A /* FavoritesDetailView.swift */ = {isa = PBXFileReference; lastKnownFileType = sourcecode.swift; path = FavoritesDetailView.swift; sourceTree = "<group>"; };
		D31EFFC6272AF1B100CA3C4A /* FavoriteCell.swift */ = {isa = PBXFileReference; lastKnownFileType = sourcecode.swift; path = FavoriteCell.swift; sourceTree = "<group>"; };
		D31EFFC8272B068600CA3C4A /* String+Ext.swift */ = {isa = PBXFileReference; lastKnownFileType = sourcecode.swift; path = "String+Ext.swift"; sourceTree = "<group>"; };
		D351992B27282CF4001B2DBA /* xkcd.app */ = {isa = PBXFileReference; explicitFileType = wrapper.application; includeInIndex = 0; path = xkcd.app; sourceTree = BUILT_PRODUCTS_DIR; };
		D351992E27282CF4001B2DBA /* xkcdApp.swift */ = {isa = PBXFileReference; lastKnownFileType = sourcecode.swift; path = xkcdApp.swift; sourceTree = "<group>"; };
		D351993227282CF5001B2DBA /* Assets.xcassets */ = {isa = PBXFileReference; lastKnownFileType = folder.assetcatalog; path = Assets.xcassets; sourceTree = "<group>"; };
		D351993527282CF5001B2DBA /* Preview Assets.xcassets */ = {isa = PBXFileReference; lastKnownFileType = folder.assetcatalog; path = "Preview Assets.xcassets"; sourceTree = "<group>"; };
		D351993727282CF5001B2DBA /* Persistence.swift */ = {isa = PBXFileReference; lastKnownFileType = sourcecode.swift; path = Persistence.swift; sourceTree = "<group>"; };
		D351993A27282CF5001B2DBA /* xkcd.xcdatamodel */ = {isa = PBXFileReference; lastKnownFileType = wrapper.xcdatamodel; path = xkcd.xcdatamodel; sourceTree = "<group>"; };
		D351994027282CF6001B2DBA /* xkcdTests.xctest */ = {isa = PBXFileReference; explicitFileType = wrapper.cfbundle; includeInIndex = 0; path = xkcdTests.xctest; sourceTree = BUILT_PRODUCTS_DIR; };
		D351994427282CF6001B2DBA /* xkcdTests.swift */ = {isa = PBXFileReference; lastKnownFileType = sourcecode.swift; path = xkcdTests.swift; sourceTree = "<group>"; };
		D351994A27282CF6001B2DBA /* xkcdUITests.xctest */ = {isa = PBXFileReference; explicitFileType = wrapper.cfbundle; includeInIndex = 0; path = xkcdUITests.xctest; sourceTree = BUILT_PRODUCTS_DIR; };
		D351994E27282CF6001B2DBA /* xkcdUITests.swift */ = {isa = PBXFileReference; lastKnownFileType = sourcecode.swift; path = xkcdUITests.swift; sourceTree = "<group>"; };
		D351995027282CF6001B2DBA /* xkcdUITestsLaunchTests.swift */ = {isa = PBXFileReference; lastKnownFileType = sourcecode.swift; path = xkcdUITestsLaunchTests.swift; sourceTree = "<group>"; };
		D351995D27282D84001B2DBA /* AppTabView.swift */ = {isa = PBXFileReference; lastKnownFileType = sourcecode.swift; path = AppTabView.swift; sourceTree = "<group>"; };
		D351995F27282EBF001B2DBA /* HomeView.swift */ = {isa = PBXFileReference; lastKnownFileType = sourcecode.swift; path = HomeView.swift; sourceTree = "<group>"; };
		D351996127282EC5001B2DBA /* SearchView.swift */ = {isa = PBXFileReference; lastKnownFileType = sourcecode.swift; path = SearchView.swift; sourceTree = "<group>"; };
		D351996327282FA8001B2DBA /* FavoritesView.swift */ = {isa = PBXFileReference; lastKnownFileType = sourcecode.swift; path = FavoritesView.swift; sourceTree = "<group>"; };
		D35199652728301B001B2DBA /* Constants.swift */ = {isa = PBXFileReference; lastKnownFileType = sourcecode.swift; path = Constants.swift; sourceTree = "<group>"; };
		D351996727283667001B2DBA /* Color+Ext.swift */ = {isa = PBXFileReference; lastKnownFileType = sourcecode.swift; path = "Color+Ext.swift"; sourceTree = "<group>"; };
		D3519969272840F0001B2DBA /* ComicCardView.swift */ = {isa = PBXFileReference; lastKnownFileType = sourcecode.swift; path = ComicCardView.swift; sourceTree = "<group>"; };
		D3519970272845D6001B2DBA /* xkcd.otf */ = {isa = PBXFileReference; lastKnownFileType = file; path = xkcd.otf; sourceTree = "<group>"; };
		D3519972272849CD001B2DBA /* Info.plist */ = {isa = PBXFileReference; lastKnownFileType = text.plist; path = Info.plist; sourceTree = "<group>"; };
		D35199732728566B001B2DBA /* NetworkManager.swift */ = {isa = PBXFileReference; lastKnownFileType = sourcecode.swift; path = NetworkManager.swift; sourceTree = "<group>"; };
		D3519975272858D7001B2DBA /* ComicsModel.swift */ = {isa = PBXFileReference; lastKnownFileType = sourcecode.swift; path = ComicsModel.swift; sourceTree = "<group>"; };
		D35199772728595F001B2DBA /* XCError.swift */ = {isa = PBXFileReference; lastKnownFileType = sourcecode.swift; path = XCError.swift; sourceTree = "<group>"; };
		D3781108272894E7002EB1FE /* ImageHandler.swift */ = {isa = PBXFileReference; lastKnownFileType = sourcecode.swift; path = ImageHandler.swift; sourceTree = "<group>"; };
		D378110C2728A27A002EB1FE /* HomeViewModel.swift */ = {isa = PBXFileReference; lastKnownFileType = sourcecode.swift; path = HomeViewModel.swift; sourceTree = "<group>"; };
		D3A721FB27291A4800ED26C7 /* UINavigationBar+Ext.swift */ = {isa = PBXFileReference; lastKnownFileType = sourcecode.swift; path = "UINavigationBar+Ext.swift"; sourceTree = "<group>"; };
		D3A721FD2729251200ED26C7 /* HapticGenerator.swift */ = {isa = PBXFileReference; lastKnownFileType = sourcecode.swift; path = HapticGenerator.swift; sourceTree = "<group>"; };
		D3A721FF27296CC100ED26C7 /* SafariView.swift */ = {isa = PBXFileReference; lastKnownFileType = sourcecode.swift; path = SafariView.swift; sourceTree = "<group>"; };
		D3A722012729779C00ED26C7 /* ShareSheet.swift */ = {isa = PBXFileReference; lastKnownFileType = sourcecode.swift; path = ShareSheet.swift; sourceTree = "<group>"; };
		D3A722052729955800ED26C7 /* SearchViewModel.swift */ = {isa = PBXFileReference; lastKnownFileType = sourcecode.swift; path = SearchViewModel.swift; sourceTree = "<group>"; };
		D3A722092729A73E00ED26C7 /* SearchCell.swift */ = {isa = PBXFileReference; lastKnownFileType = sourcecode.swift; path = SearchCell.swift; sourceTree = "<group>"; };
		D3A7220D2729AF8E00ED26C7 /* ComicDetailView.swift */ = {isa = PBXFileReference; lastKnownFileType = sourcecode.swift; path = ComicDetailView.swift; sourceTree = "<group>"; };
/* End PBXFileReference section */

/* Begin PBXFrameworksBuildPhase section */
		D351992827282CF4001B2DBA /* Frameworks */ = {
			isa = PBXFrameworksBuildPhase;
			buildActionMask = 2147483647;
			files = (
			);
			runOnlyForDeploymentPostprocessing = 0;
		};
		D351993D27282CF6001B2DBA /* Frameworks */ = {
			isa = PBXFrameworksBuildPhase;
			buildActionMask = 2147483647;
			files = (
			);
			runOnlyForDeploymentPostprocessing = 0;
		};
		D351994727282CF6001B2DBA /* Frameworks */ = {
			isa = PBXFrameworksBuildPhase;
			buildActionMask = 2147483647;
			files = (
			);
			runOnlyForDeploymentPostprocessing = 0;
		};
/* End PBXFrameworksBuildPhase section */

/* Begin PBXGroup section */
		D351992227282CF4001B2DBA = {
			isa = PBXGroup;
			children = (
				D351992D27282CF4001B2DBA /* xkcd */,
				D351994327282CF6001B2DBA /* xkcdTests */,
				D351994D27282CF6001B2DBA /* xkcdUITests */,
				D351992C27282CF4001B2DBA /* Products */,
			);
			sourceTree = "<group>";
		};
		D351992C27282CF4001B2DBA /* Products */ = {
			isa = PBXGroup;
			children = (
				D351992B27282CF4001B2DBA /* xkcd.app */,
				D351994027282CF6001B2DBA /* xkcdTests.xctest */,
				D351994A27282CF6001B2DBA /* xkcdUITests.xctest */,
			);
			name = Products;
			sourceTree = "<group>";
		};
		D351992D27282CF4001B2DBA /* xkcd */ = {
			isa = PBXGroup;
			children = (
				D3519972272849CD001B2DBA /* Info.plist */,
				D351992E27282CF4001B2DBA /* xkcdApp.swift */,
				D3A721FD2729251200ED26C7 /* HapticGenerator.swift */,
				D351995D27282D84001B2DBA /* AppTabView.swift */,
				D35199652728301B001B2DBA /* Constants.swift */,
				D351996727283667001B2DBA /* Color+Ext.swift */,
				D351995F27282EBF001B2DBA /* HomeView.swift */,
				D3A721FB27291A4800ED26C7 /* UINavigationBar+Ext.swift */,
				D378110C2728A27A002EB1FE /* HomeViewModel.swift */,
				D3519969272840F0001B2DBA /* ComicCardView.swift */,
				D31EFFC8272B068600CA3C4A /* String+Ext.swift */,
				D3A721FF27296CC100ED26C7 /* SafariView.swift */,
				D3A722012729779C00ED26C7 /* ShareSheet.swift */,
				D3781108272894E7002EB1FE /* ImageHandler.swift */,
				D351996127282EC5001B2DBA /* SearchView.swift */,
				D3A7220D2729AF8E00ED26C7 /* ComicDetailView.swift */,
				D3A722092729A73E00ED26C7 /* SearchCell.swift */,
				D3A722052729955800ED26C7 /* SearchViewModel.swift */,
				D31EFFC6272AF1B100CA3C4A /* FavoriteCell.swift */,
				D351996327282FA8001B2DBA /* FavoritesView.swift */,
				D31EFFC4272AF0F100CA3C4A /* FavoritesDetailView.swift */,
				D351993227282CF5001B2DBA /* Assets.xcassets */,
				D351993727282CF5001B2DBA /* Persistence.swift */,
				D3519970272845D6001B2DBA /* xkcd.otf */,
				D351993927282CF5001B2DBA /* Favorite.xcdatamodeld */,
				D351993427282CF5001B2DBA /* Preview Content */,
				D35199732728566B001B2DBA /* NetworkManager.swift */,
				D3519975272858D7001B2DBA /* ComicsModel.swift */,
				D35199772728595F001B2DBA /* XCError.swift */,
			);
			path = xkcd;
			sourceTree = "<group>";
		};
		D351993427282CF5001B2DBA /* Preview Content */ = {
			isa = PBXGroup;
			children = (
				D351993527282CF5001B2DBA /* Preview Assets.xcassets */,
			);
			path = "Preview Content";
			sourceTree = "<group>";
		};
		D351994327282CF6001B2DBA /* xkcdTests */ = {
			isa = PBXGroup;
			children = (
				D351994427282CF6001B2DBA /* xkcdTests.swift */,
			);
			path = xkcdTests;
			sourceTree = "<group>";
		};
		D351994D27282CF6001B2DBA /* xkcdUITests */ = {
			isa = PBXGroup;
			children = (
				D351994E27282CF6001B2DBA /* xkcdUITests.swift */,
				D351995027282CF6001B2DBA /* xkcdUITestsLaunchTests.swift */,
			);
			path = xkcdUITests;
			sourceTree = "<group>";
		};
/* End PBXGroup section */

/* Begin PBXNativeTarget section */
		D351992A27282CF4001B2DBA /* xkcd */ = {
			isa = PBXNativeTarget;
			buildConfigurationList = D351995427282CF6001B2DBA /* Build configuration list for PBXNativeTarget "xkcd" */;
			buildPhases = (
				D351992727282CF4001B2DBA /* Sources */,
				D351992827282CF4001B2DBA /* Frameworks */,
				D351992927282CF4001B2DBA /* Resources */,
			);
			buildRules = (
			);
			dependencies = (
			);
			name = xkcd;
			packageProductDependencies = (
			);
			productName = xkcd;
			productReference = D351992B27282CF4001B2DBA /* xkcd.app */;
			productType = "com.apple.product-type.application";
		};
		D351993F27282CF6001B2DBA /* xkcdTests */ = {
			isa = PBXNativeTarget;
			buildConfigurationList = D351995727282CF6001B2DBA /* Build configuration list for PBXNativeTarget "xkcdTests" */;
			buildPhases = (
				D351993C27282CF6001B2DBA /* Sources */,
				D351993D27282CF6001B2DBA /* Frameworks */,
				D351993E27282CF6001B2DBA /* Resources */,
			);
			buildRules = (
			);
			dependencies = (
				D351994227282CF6001B2DBA /* PBXTargetDependency */,
			);
			name = xkcdTests;
			productName = xkcdTests;
			productReference = D351994027282CF6001B2DBA /* xkcdTests.xctest */;
			productType = "com.apple.product-type.bundle.unit-test";
		};
		D351994927282CF6001B2DBA /* xkcdUITests */ = {
			isa = PBXNativeTarget;
			buildConfigurationList = D351995A27282CF6001B2DBA /* Build configuration list for PBXNativeTarget "xkcdUITests" */;
			buildPhases = (
				D351994627282CF6001B2DBA /* Sources */,
				D351994727282CF6001B2DBA /* Frameworks */,
				D351994827282CF6001B2DBA /* Resources */,
			);
			buildRules = (
			);
			dependencies = (
				D351994C27282CF6001B2DBA /* PBXTargetDependency */,
			);
			name = xkcdUITests;
			productName = xkcdUITests;
			productReference = D351994A27282CF6001B2DBA /* xkcdUITests.xctest */;
			productType = "com.apple.product-type.bundle.ui-testing";
		};
/* End PBXNativeTarget section */

/* Begin PBXProject section */
		D351992327282CF4001B2DBA /* Project object */ = {
			isa = PBXProject;
			attributes = {
				BuildIndependentTargetsInParallel = 1;
				LastSwiftUpdateCheck = 1300;
				LastUpgradeCheck = 1300;
				TargetAttributes = {
					D351992A27282CF4001B2DBA = {
						CreatedOnToolsVersion = 13.0;
					};
					D351993F27282CF6001B2DBA = {
						CreatedOnToolsVersion = 13.0;
						TestTargetID = D351992A27282CF4001B2DBA;
					};
					D351994927282CF6001B2DBA = {
						CreatedOnToolsVersion = 13.0;
						TestTargetID = D351992A27282CF4001B2DBA;
					};
				};
			};
			buildConfigurationList = D351992627282CF4001B2DBA /* Build configuration list for PBXProject "xkcd" */;
			compatibilityVersion = "Xcode 13.0";
			developmentRegion = en;
			hasScannedForEncodings = 0;
			knownRegions = (
				en,
				Base,
			);
			mainGroup = D351992227282CF4001B2DBA;
			packageReferences = (
			);
			productRefGroup = D351992C27282CF4001B2DBA /* Products */;
			projectDirPath = "";
			projectRoot = "";
			targets = (
				D351992A27282CF4001B2DBA /* xkcd */,
				D351993F27282CF6001B2DBA /* xkcdTests */,
				D351994927282CF6001B2DBA /* xkcdUITests */,
			);
		};
/* End PBXProject section */

/* Begin PBXResourcesBuildPhase section */
		D351992927282CF4001B2DBA /* Resources */ = {
			isa = PBXResourcesBuildPhase;
			buildActionMask = 2147483647;
			files = (
				D351993627282CF5001B2DBA /* Preview Assets.xcassets in Resources */,
				D3519971272845D6001B2DBA /* xkcd.otf in Resources */,
				D351993327282CF5001B2DBA /* Assets.xcassets in Resources */,
			);
			runOnlyForDeploymentPostprocessing = 0;
		};
		D351993E27282CF6001B2DBA /* Resources */ = {
			isa = PBXResourcesBuildPhase;
			buildActionMask = 2147483647;
			files = (
			);
			runOnlyForDeploymentPostprocessing = 0;
		};
		D351994827282CF6001B2DBA /* Resources */ = {
			isa = PBXResourcesBuildPhase;
			buildActionMask = 2147483647;
			files = (
			);
			runOnlyForDeploymentPostprocessing = 0;
		};
/* End PBXResourcesBuildPhase section */

/* Begin PBXSourcesBuildPhase section */
		D351992727282CF4001B2DBA /* Sources */ = {
			isa = PBXSourcesBuildPhase;
			buildActionMask = 2147483647;
			files = (
				D351993827282CF5001B2DBA /* Persistence.swift in Sources */,
				D3A7220A2729A73E00ED26C7 /* SearchCell.swift in Sources */,
				D351992F27282CF4001B2DBA /* xkcdApp.swift in Sources */,
				D351996827283667001B2DBA /* Color+Ext.swift in Sources */,
				D3A721FE2729251200ED26C7 /* HapticGenerator.swift in Sources */,
				D3A721FC27291A4800ED26C7 /* UINavigationBar+Ext.swift in Sources */,
				D351996227282EC5001B2DBA /* SearchView.swift in Sources */,
				D3A722062729955800ED26C7 /* SearchViewModel.swift in Sources */,
				D35199742728566B001B2DBA /* NetworkManager.swift in Sources */,
				D351996427282FA8001B2DBA /* FavoritesView.swift in Sources */,
				D351996027282EBF001B2DBA /* HomeView.swift in Sources */,
				D351993B27282CF5001B2DBA /* Favorite.xcdatamodeld in Sources */,
				D3A7220027296CC100ED26C7 /* SafariView.swift in Sources */,
				D3781109272894E7002EB1FE /* ImageHandler.swift in Sources */,
				D35199782728595F001B2DBA /* XCError.swift in Sources */,
				D351995E27282D84001B2DBA /* AppTabView.swift in Sources */,
				D31EFFC5272AF0F100CA3C4A /* FavoritesDetailView.swift in Sources */,
				D351996A272840F0001B2DBA /* ComicCardView.swift in Sources */,
				D31EFFC9272B068600CA3C4A /* String+Ext.swift in Sources */,
				D35199662728301B001B2DBA /* Constants.swift in Sources */,
				D3A722022729779C00ED26C7 /* ShareSheet.swift in Sources */,
				D378110D2728A27A002EB1FE /* HomeViewModel.swift in Sources */,
				D31EFFC7272AF1B100CA3C4A /* FavoriteCell.swift in Sources */,
				D3519976272858D7001B2DBA /* ComicsModel.swift in Sources */,
				D3A7220E2729AF8E00ED26C7 /* ComicDetailView.swift in Sources */,
			);
			runOnlyForDeploymentPostprocessing = 0;
		};
		D351993C27282CF6001B2DBA /* Sources */ = {
			isa = PBXSourcesBuildPhase;
			buildActionMask = 2147483647;
			files = (
				D351994527282CF6001B2DBA /* xkcdTests.swift in Sources */,
			);
			runOnlyForDeploymentPostprocessing = 0;
		};
		D351994627282CF6001B2DBA /* Sources */ = {
			isa = PBXSourcesBuildPhase;
			buildActionMask = 2147483647;
			files = (
				D351995127282CF6001B2DBA /* xkcdUITestsLaunchTests.swift in Sources */,
				D351994F27282CF6001B2DBA /* xkcdUITests.swift in Sources */,
			);
			runOnlyForDeploymentPostprocessing = 0;
		};
/* End PBXSourcesBuildPhase section */

/* Begin PBXTargetDependency section */
		D351994227282CF6001B2DBA /* PBXTargetDependency */ = {
			isa = PBXTargetDependency;
			target = D351992A27282CF4001B2DBA /* xkcd */;
			targetProxy = D351994127282CF6001B2DBA /* PBXContainerItemProxy */;
		};
		D351994C27282CF6001B2DBA /* PBXTargetDependency */ = {
			isa = PBXTargetDependency;
			target = D351992A27282CF4001B2DBA /* xkcd */;
			targetProxy = D351994B27282CF6001B2DBA /* PBXContainerItemProxy */;
		};
/* End PBXTargetDependency section */

/* Begin XCBuildConfiguration section */
		D351995227282CF6001B2DBA /* Debug */ = {
			isa = XCBuildConfiguration;
			buildSettings = {
				ALWAYS_SEARCH_USER_PATHS = NO;
				CLANG_ANALYZER_NONNULL = YES;
				CLANG_ANALYZER_NUMBER_OBJECT_CONVERSION = YES_AGGRESSIVE;
				CLANG_CXX_LANGUAGE_STANDARD = "gnu++17";
				CLANG_CXX_LIBRARY = "libc++";
				CLANG_ENABLE_MODULES = YES;
				CLANG_ENABLE_OBJC_ARC = YES;
				CLANG_ENABLE_OBJC_WEAK = YES;
				CLANG_WARN_BLOCK_CAPTURE_AUTORELEASING = YES;
				CLANG_WARN_BOOL_CONVERSION = YES;
				CLANG_WARN_COMMA = YES;
				CLANG_WARN_CONSTANT_CONVERSION = YES;
				CLANG_WARN_DEPRECATED_OBJC_IMPLEMENTATIONS = YES;
				CLANG_WARN_DIRECT_OBJC_ISA_USAGE = YES_ERROR;
				CLANG_WARN_DOCUMENTATION_COMMENTS = YES;
				CLANG_WARN_EMPTY_BODY = YES;
				CLANG_WARN_ENUM_CONVERSION = YES;
				CLANG_WARN_INFINITE_RECURSION = YES;
				CLANG_WARN_INT_CONVERSION = YES;
				CLANG_WARN_NON_LITERAL_NULL_CONVERSION = YES;
				CLANG_WARN_OBJC_IMPLICIT_RETAIN_SELF = YES;
				CLANG_WARN_OBJC_LITERAL_CONVERSION = YES;
				CLANG_WARN_OBJC_ROOT_CLASS = YES_ERROR;
				CLANG_WARN_QUOTED_INCLUDE_IN_FRAMEWORK_HEADER = YES;
				CLANG_WARN_RANGE_LOOP_ANALYSIS = YES;
				CLANG_WARN_STRICT_PROTOTYPES = YES;
				CLANG_WARN_SUSPICIOUS_MOVE = YES;
				CLANG_WARN_UNGUARDED_AVAILABILITY = YES_AGGRESSIVE;
				CLANG_WARN_UNREACHABLE_CODE = YES;
				CLANG_WARN__DUPLICATE_METHOD_MATCH = YES;
				COPY_PHASE_STRIP = NO;
				DEBUG_INFORMATION_FORMAT = dwarf;
				ENABLE_STRICT_OBJC_MSGSEND = YES;
				ENABLE_TESTABILITY = YES;
				GCC_C_LANGUAGE_STANDARD = gnu11;
				GCC_DYNAMIC_NO_PIC = NO;
				GCC_NO_COMMON_BLOCKS = YES;
				GCC_OPTIMIZATION_LEVEL = 0;
				GCC_PREPROCESSOR_DEFINITIONS = (
					"DEBUG=1",
					"$(inherited)",
				);
				GCC_WARN_64_TO_32_BIT_CONVERSION = YES;
				GCC_WARN_ABOUT_RETURN_TYPE = YES_ERROR;
				GCC_WARN_UNDECLARED_SELECTOR = YES;
				GCC_WARN_UNINITIALIZED_AUTOS = YES_AGGRESSIVE;
				GCC_WARN_UNUSED_FUNCTION = YES;
				GCC_WARN_UNUSED_VARIABLE = YES;
				IPHONEOS_DEPLOYMENT_TARGET = 15.0;
				MTL_ENABLE_DEBUG_INFO = INCLUDE_SOURCE;
				MTL_FAST_MATH = YES;
				ONLY_ACTIVE_ARCH = YES;
				SDKROOT = iphoneos;
				SWIFT_ACTIVE_COMPILATION_CONDITIONS = DEBUG;
				SWIFT_OPTIMIZATION_LEVEL = "-Onone";
			};
			name = Debug;
		};
		D351995327282CF6001B2DBA /* Release */ = {
			isa = XCBuildConfiguration;
			buildSettings = {
				ALWAYS_SEARCH_USER_PATHS = NO;
				CLANG_ANALYZER_NONNULL = YES;
				CLANG_ANALYZER_NUMBER_OBJECT_CONVERSION = YES_AGGRESSIVE;
				CLANG_CXX_LANGUAGE_STANDARD = "gnu++17";
				CLANG_CXX_LIBRARY = "libc++";
				CLANG_ENABLE_MODULES = YES;
				CLANG_ENABLE_OBJC_ARC = YES;
				CLANG_ENABLE_OBJC_WEAK = YES;
				CLANG_WARN_BLOCK_CAPTURE_AUTORELEASING = YES;
				CLANG_WARN_BOOL_CONVERSION = YES;
				CLANG_WARN_COMMA = YES;
				CLANG_WARN_CONSTANT_CONVERSION = YES;
				CLANG_WARN_DEPRECATED_OBJC_IMPLEMENTATIONS = YES;
				CLANG_WARN_DIRECT_OBJC_ISA_USAGE = YES_ERROR;
				CLANG_WARN_DOCUMENTATION_COMMENTS = YES;
				CLANG_WARN_EMPTY_BODY = YES;
				CLANG_WARN_ENUM_CONVERSION = YES;
				CLANG_WARN_INFINITE_RECURSION = YES;
				CLANG_WARN_INT_CONVERSION = YES;
				CLANG_WARN_NON_LITERAL_NULL_CONVERSION = YES;
				CLANG_WARN_OBJC_IMPLICIT_RETAIN_SELF = YES;
				CLANG_WARN_OBJC_LITERAL_CONVERSION = YES;
				CLANG_WARN_OBJC_ROOT_CLASS = YES_ERROR;
				CLANG_WARN_QUOTED_INCLUDE_IN_FRAMEWORK_HEADER = YES;
				CLANG_WARN_RANGE_LOOP_ANALYSIS = YES;
				CLANG_WARN_STRICT_PROTOTYPES = YES;
				CLANG_WARN_SUSPICIOUS_MOVE = YES;
				CLANG_WARN_UNGUARDED_AVAILABILITY = YES_AGGRESSIVE;
				CLANG_WARN_UNREACHABLE_CODE = YES;
				CLANG_WARN__DUPLICATE_METHOD_MATCH = YES;
				COPY_PHASE_STRIP = NO;
				DEBUG_INFORMATION_FORMAT = "dwarf-with-dsym";
				ENABLE_NS_ASSERTIONS = NO;
				ENABLE_STRICT_OBJC_MSGSEND = YES;
				GCC_C_LANGUAGE_STANDARD = gnu11;
				GCC_NO_COMMON_BLOCKS = YES;
				GCC_WARN_64_TO_32_BIT_CONVERSION = YES;
				GCC_WARN_ABOUT_RETURN_TYPE = YES_ERROR;
				GCC_WARN_UNDECLARED_SELECTOR = YES;
				GCC_WARN_UNINITIALIZED_AUTOS = YES_AGGRESSIVE;
				GCC_WARN_UNUSED_FUNCTION = YES;
				GCC_WARN_UNUSED_VARIABLE = YES;
				IPHONEOS_DEPLOYMENT_TARGET = 15.0;
				MTL_ENABLE_DEBUG_INFO = NO;
				MTL_FAST_MATH = YES;
				SDKROOT = iphoneos;
				SWIFT_COMPILATION_MODE = wholemodule;
				SWIFT_OPTIMIZATION_LEVEL = "-O";
				VALIDATE_PRODUCT = YES;
			};
			name = Release;
		};
		D351995527282CF6001B2DBA /* Debug */ = {
			isa = XCBuildConfiguration;
			buildSettings = {
				ASSETCATALOG_COMPILER_APPICON_NAME = AppIcon;
				ASSETCATALOG_COMPILER_GLOBAL_ACCENT_COLOR_NAME = AccentColor;
				CODE_SIGN_STYLE = Automatic;
				CURRENT_PROJECT_VERSION = 53;
				DEVELOPMENT_ASSET_PATHS = "\"xkcd/Preview Content\"";
				DEVELOPMENT_TEAM = G5MW59W3Y4;
				ENABLE_PREVIEWS = YES;
				GENERATE_INFOPLIST_FILE = YES;
				INFOPLIST_FILE = xkcd/Info.plist;
				INFOPLIST_KEY_UIApplicationSceneManifest_Generation = YES;
				INFOPLIST_KEY_UIApplicationSupportsIndirectInputEvents = YES;
				INFOPLIST_KEY_UILaunchScreen_Generation = YES;
				INFOPLIST_KEY_UISupportedInterfaceOrientations_iPad = "UIInterfaceOrientationPortrait UIInterfaceOrientationPortraitUpsideDown UIInterfaceOrientationLandscapeLeft UIInterfaceOrientationLandscapeRight";
				INFOPLIST_KEY_UISupportedInterfaceOrientations_iPhone = "UIInterfaceOrientationPortrait UIInterfaceOrientationLandscapeLeft UIInterfaceOrientationLandscapeRight";
				IPHONEOS_DEPLOYMENT_TARGET = 14.0;
				LD_RUNPATH_SEARCH_PATHS = (
					"$(inherited)",
					"@executable_path/Frameworks",
				);
				MARKETING_VERSION = 1.0;
				PRODUCT_BUNDLE_IDENTIFIER = com.xkcd.sina;
				PRODUCT_NAME = "$(TARGET_NAME)";
				SWIFT_EMIT_LOC_STRINGS = YES;
				SWIFT_VERSION = 5.0;
				TARGETED_DEVICE_FAMILY = "1,2";
			};
			name = Debug;
		};
		D351995627282CF6001B2DBA /* Release */ = {
			isa = XCBuildConfiguration;
			buildSettings = {
				ASSETCATALOG_COMPILER_APPICON_NAME = AppIcon;
				ASSETCATALOG_COMPILER_GLOBAL_ACCENT_COLOR_NAME = AccentColor;
				CODE_SIGN_STYLE = Automatic;
				CURRENT_PROJECT_VERSION = 53;
				DEVELOPMENT_ASSET_PATHS = "\"xkcd/Preview Content\"";
				DEVELOPMENT_TEAM = G5MW59W3Y4;
				ENABLE_PREVIEWS = YES;
				GENERATE_INFOPLIST_FILE = YES;
				INFOPLIST_FILE = xkcd/Info.plist;
				INFOPLIST_KEY_UIApplicationSceneManifest_Generation = YES;
				INFOPLIST_KEY_UIApplicationSupportsIndirectInputEvents = YES;
				INFOPLIST_KEY_UILaunchScreen_Generation = YES;
				INFOPLIST_KEY_UISupportedInterfaceOrientations_iPad = "UIInterfaceOrientationPortrait UIInterfaceOrientationPortraitUpsideDown UIInterfaceOrientationLandscapeLeft UIInterfaceOrientationLandscapeRight";
				INFOPLIST_KEY_UISupportedInterfaceOrientations_iPhone = "UIInterfaceOrientationPortrait UIInterfaceOrientationLandscapeLeft UIInterfaceOrientationLandscapeRight";
				IPHONEOS_DEPLOYMENT_TARGET = 14.0;
				LD_RUNPATH_SEARCH_PATHS = (
					"$(inherited)",
					"@executable_path/Frameworks",
				);
				MARKETING_VERSION = 1.0;
				PRODUCT_BUNDLE_IDENTIFIER = com.xkcd.sina;
				PRODUCT_NAME = "$(TARGET_NAME)";
				SWIFT_EMIT_LOC_STRINGS = YES;
				SWIFT_VERSION = 5.0;
				TARGETED_DEVICE_FAMILY = "1,2";
			};
			name = Release;
		};
		D351995827282CF6001B2DBA /* Debug */ = {
			isa = XCBuildConfiguration;
			buildSettings = {
				ALWAYS_EMBED_SWIFT_STANDARD_LIBRARIES = YES;
				BUNDLE_LOADER = "$(TEST_HOST)";
				CODE_SIGN_STYLE = Automatic;
				CURRENT_PROJECT_VERSION = 1;
				GENERATE_INFOPLIST_FILE = YES;
				IPHONEOS_DEPLOYMENT_TARGET = 14.0;
				LD_RUNPATH_SEARCH_PATHS = (
					"$(inherited)",
					"@executable_path/Frameworks",
					"@loader_path/Frameworks",
				);
				MARKETING_VERSION = 1.0;
				PRODUCT_BUNDLE_IDENTIFIER = com.xkcdTests;
				PRODUCT_NAME = "$(TARGET_NAME)";
				SWIFT_EMIT_LOC_STRINGS = NO;
				SWIFT_VERSION = 5.0;
				TARGETED_DEVICE_FAMILY = "1,2";
				TEST_HOST = "$(BUILT_PRODUCTS_DIR)/xkcd.app/xkcd";
			};
			name = Debug;
		};
		D351995927282CF6001B2DBA /* Release */ = {
			isa = XCBuildConfiguration;
			buildSettings = {
				ALWAYS_EMBED_SWIFT_STANDARD_LIBRARIES = YES;
				BUNDLE_LOADER = "$(TEST_HOST)";
				CODE_SIGN_STYLE = Automatic;
				CURRENT_PROJECT_VERSION = 1;
				GENERATE_INFOPLIST_FILE = YES;
				IPHONEOS_DEPLOYMENT_TARGET = 14.0;
				LD_RUNPATH_SEARCH_PATHS = (
					"$(inherited)",
					"@executable_path/Frameworks",
					"@loader_path/Frameworks",
				);
				MARKETING_VERSION = 1.0;
				PRODUCT_BUNDLE_IDENTIFIER = com.xkcdTests;
				PRODUCT_NAME = "$(TARGET_NAME)";
				SWIFT_EMIT_LOC_STRINGS = NO;
				SWIFT_VERSION = 5.0;
				TARGETED_DEVICE_FAMILY = "1,2";
				TEST_HOST = "$(BUILT_PRODUCTS_DIR)/xkcd.app/xkcd";
			};
			name = Release;
		};
		D351995B27282CF6001B2DBA /* Debug */ = {
			isa = XCBuildConfiguration;
			buildSettings = {
				ALWAYS_EMBED_SWIFT_STANDARD_LIBRARIES = YES;
				CODE_SIGN_STYLE = Automatic;
				CURRENT_PROJECT_VERSION = 1;
				GENERATE_INFOPLIST_FILE = YES;
				LD_RUNPATH_SEARCH_PATHS = (
					"$(inherited)",
					"@executable_path/Frameworks",
					"@loader_path/Frameworks",
				);
				MARKETING_VERSION = 1.0;
				PRODUCT_BUNDLE_IDENTIFIER = com.xkcdUITests;
				PRODUCT_NAME = "$(TARGET_NAME)";
				SWIFT_EMIT_LOC_STRINGS = NO;
				SWIFT_VERSION = 5.0;
				TARGETED_DEVICE_FAMILY = "1,2";
				TEST_TARGET_NAME = xkcd;
			};
			name = Debug;
		};
		D351995C27282CF6001B2DBA /* Release */ = {
			isa = XCBuildConfiguration;
			buildSettings = {
				ALWAYS_EMBED_SWIFT_STANDARD_LIBRARIES = YES;
				CODE_SIGN_STYLE = Automatic;
				CURRENT_PROJECT_VERSION = 1;
				GENERATE_INFOPLIST_FILE = YES;
				LD_RUNPATH_SEARCH_PATHS = (
					"$(inherited)",
					"@executable_path/Frameworks",
					"@loader_path/Frameworks",
				);
				MARKETING_VERSION = 1.0;
				PRODUCT_BUNDLE_IDENTIFIER = com.xkcdUITests;
				PRODUCT_NAME = "$(TARGET_NAME)";
				SWIFT_EMIT_LOC_STRINGS = NO;
				SWIFT_VERSION = 5.0;
				TARGETED_DEVICE_FAMILY = "1,2";
				TEST_TARGET_NAME = xkcd;
			};
			name = Release;
		};
/* End XCBuildConfiguration section */

/* Begin XCConfigurationList section */
		D351992627282CF4001B2DBA /* Build configuration list for PBXProject "xkcd" */ = {
			isa = XCConfigurationList;
			buildConfigurations = (
				D351995227282CF6001B2DBA /* Debug */,
				D351995327282CF6001B2DBA /* Release */,
			);
			defaultConfigurationIsVisible = 0;
			defaultConfigurationName = Release;
		};
		D351995427282CF6001B2DBA /* Build configuration list for PBXNativeTarget "xkcd" */ = {
			isa = XCConfigurationList;
			buildConfigurations = (
				D351995527282CF6001B2DBA /* Debug */,
				D351995627282CF6001B2DBA /* Release */,
			);
			defaultConfigurationIsVisible = 0;
			defaultConfigurationName = Release;
		};
		D351995727282CF6001B2DBA /* Build configuration list for PBXNativeTarget "xkcdTests" */ = {
			isa = XCConfigurationList;
			buildConfigurations = (
				D351995827282CF6001B2DBA /* Debug */,
				D351995927282CF6001B2DBA /* Release */,
			);
			defaultConfigurationIsVisible = 0;
			defaultConfigurationName = Release;
		};
		D351995A27282CF6001B2DBA /* Build configuration list for PBXNativeTarget "xkcdUITests" */ = {
			isa = XCConfigurationList;
			buildConfigurations = (
				D351995B27282CF6001B2DBA /* Debug */,
				D351995C27282CF6001B2DBA /* Release */,
			);
			defaultConfigurationIsVisible = 0;
			defaultConfigurationName = Release;
		};
/* End XCConfigurationList section */

/* Begin XCVersionGroup section */
		D351993927282CF5001B2DBA /* Favorite.xcdatamodeld */ = {
			isa = XCVersionGroup;
			children = (
				D351993A27282CF5001B2DBA /* xkcd.xcdatamodel */,
			);
			currentVersion = D351993A27282CF5001B2DBA /* xkcd.xcdatamodel */;
			path = Favorite.xcdatamodeld;
			sourceTree = "<group>";
			versionGroupType = wrapper.xcdatamodel;
		};
/* End XCVersionGroup section */
	};
	rootObject = D351992327282CF4001B2DBA /* Project object */;
}
